
Microsoft Visual Studio Solution File, Format Version 12.00
# Visual Studio 15
VisualStudioVersion = 15.0.28307.539
MinimumVisualStudioVersion = 10.0.40219.1
Project("{FAE04EC0-301F-11D3-BF4B-00C04F79EFBC}") = "NET.S.2019.Dremliug.04", "NET.S.2019.Dremliug.04.csproj", "{B742923E-CD72-452F-AAE9-69D312856907}"
EndProject
Global
	GlobalSection(SolutionConfigurationPlatforms) = preSolution
		Debug|Any CPU = Debug|Any CPU
		Release|Any CPU = Release|Any CPU
	EndGlobalSection
	GlobalSection(ProjectConfigurationPlatforms) = postSolution
		{B742923E-CD72-452F-AAE9-69D312856907}.Debug|Any CPU.ActiveCfg = Debug|Any CPU
		{B742923E-CD72-452F-AAE9-69D312856907}.Debug|Any CPU.Build.0 = Debug|Any CPU
		{B742923E-CD72-452F-AAE9-69D312856907}.Release|Any CPU.ActiveCfg = Release|Any CPU
		{B742923E-CD72-452F-AAE9-69D312856907}.Release|Any CPU.Build.0 = Release|Any CPU
	EndGlobalSection
	GlobalSection(SolutionProperties) = preSolution
		HideSolutionNode = FALSE
	EndGlobalSection
	GlobalSection(ExtensibilityGlobals) = postSolution
		SolutionGuid = {8F5596AF-A199-4E13-B96C-722904F3DE2F}
	EndGlobalSection
EndGlobal
