
Microsoft Visual Studio Solution File, Format Version 12.00
# Visual Studio 15
VisualStudioVersion = 15.0.28307.489
MinimumVisualStudioVersion = 10.0.40219.1
Project("{FAE04EC0-301F-11D3-BF4B-00C04F79EFBC}") = "NET.S.2019.Dremliug.02", "NET.S.2019.Dremliug.02.csproj", "{AA0EF53D-321D-42C4-B2AB-91B2FD662B1C}"
EndProject
Project("{FAE04EC0-301F-11D3-BF4B-00C04F79EFBC}") = "UnitTestsHomework02", "..\UnitTestsHomework02\UnitTestsHomework02.csproj", "{6648A122-8D19-462B-A17E-4DDD351CBD32}"
EndProject
Global
	GlobalSection(SolutionConfigurationPlatforms) = preSolution
		Debug|Any CPU = Debug|Any CPU
		Release|Any CPU = Release|Any CPU
	EndGlobalSection
	GlobalSection(ProjectConfigurationPlatforms) = postSolution
		{AA0EF53D-321D-42C4-B2AB-91B2FD662B1C}.Debug|Any CPU.ActiveCfg = Debug|Any CPU
		{AA0EF53D-321D-42C4-B2AB-91B2FD662B1C}.Debug|Any CPU.Build.0 = Debug|Any CPU
		{AA0EF53D-321D-42C4-B2AB-91B2FD662B1C}.Release|Any CPU.ActiveCfg = Release|Any CPU
		{AA0EF53D-321D-42C4-B2AB-91B2FD662B1C}.Release|Any CPU.Build.0 = Release|Any CPU
		{6648A122-8D19-462B-A17E-4DDD351CBD32}.Debug|Any CPU.ActiveCfg = Debug|Any CPU
		{6648A122-8D19-462B-A17E-4DDD351CBD32}.Debug|Any CPU.Build.0 = Debug|Any CPU
		{6648A122-8D19-462B-A17E-4DDD351CBD32}.Release|Any CPU.ActiveCfg = Release|Any CPU
		{6648A122-8D19-462B-A17E-4DDD351CBD32}.Release|Any CPU.Build.0 = Release|Any CPU
	EndGlobalSection
	GlobalSection(SolutionProperties) = preSolution
		HideSolutionNode = FALSE
	EndGlobalSection
	GlobalSection(ExtensibilityGlobals) = postSolution
		SolutionGuid = {90AFBA57-3F70-4610-BE93-EFC19C375686}
	EndGlobalSection
EndGlobal
