
Microsoft Visual Studio Solution File, Format Version 12.00
# Visual Studio 15
VisualStudioVersion = 15.0.28307.572
MinimumVisualStudioVersion = 10.0.40219.1
Project("{FAE04EC0-301F-11D3-BF4B-00C04F79EFBC}") = "QueueGeneric", "QueueGeneric\QueueGeneric.csproj", "{9C14E870-27CE-4F4A-9B15-146BD2E027FF}"
EndProject
Project("{FAE04EC0-301F-11D3-BF4B-00C04F79EFBC}") = "Tests", "Tests\Tests.csproj", "{4270B15F-BD99-4051-A2E8-DD94FFE96CE4}"
EndProject
Project("{FAE04EC0-301F-11D3-BF4B-00C04F79EFBC}") = "Matrixes", "Matrixes\Matrixes.csproj", "{31A04EDB-E7FC-45D9-A254-64728AD4DEB7}"
EndProject
Project("{FAE04EC0-301F-11D3-BF4B-00C04F79EFBC}") = "BinarySearchTreeGeneric", "BinarySearchTreeGeneric\BinarySearchTreeGeneric.csproj", "{1F7F7FF4-0140-434D-AD2B-1792D075BE3C}"
EndProject
Global
	GlobalSection(SolutionConfigurationPlatforms) = preSolution
		Debug|Any CPU = Debug|Any CPU
		Release|Any CPU = Release|Any CPU
	EndGlobalSection
	GlobalSection(ProjectConfigurationPlatforms) = postSolution
		{9C14E870-27CE-4F4A-9B15-146BD2E027FF}.Debug|Any CPU.ActiveCfg = Debug|Any CPU
		{9C14E870-27CE-4F4A-9B15-146BD2E027FF}.Debug|Any CPU.Build.0 = Debug|Any CPU
		{9C14E870-27CE-4F4A-9B15-146BD2E027FF}.Release|Any CPU.ActiveCfg = Release|Any CPU
		{9C14E870-27CE-4F4A-9B15-146BD2E027FF}.Release|Any CPU.Build.0 = Release|Any CPU
		{4270B15F-BD99-4051-A2E8-DD94FFE96CE4}.Debug|Any CPU.ActiveCfg = Debug|Any CPU
		{4270B15F-BD99-4051-A2E8-DD94FFE96CE4}.Debug|Any CPU.Build.0 = Debug|Any CPU
		{4270B15F-BD99-4051-A2E8-DD94FFE96CE4}.Release|Any CPU.ActiveCfg = Release|Any CPU
		{4270B15F-BD99-4051-A2E8-DD94FFE96CE4}.Release|Any CPU.Build.0 = Release|Any CPU
		{31A04EDB-E7FC-45D9-A254-64728AD4DEB7}.Debug|Any CPU.ActiveCfg = Debug|Any CPU
		{31A04EDB-E7FC-45D9-A254-64728AD4DEB7}.Debug|Any CPU.Build.0 = Debug|Any CPU
		{31A04EDB-E7FC-45D9-A254-64728AD4DEB7}.Release|Any CPU.ActiveCfg = Release|Any CPU
		{31A04EDB-E7FC-45D9-A254-64728AD4DEB7}.Release|Any CPU.Build.0 = Release|Any CPU
		{1F7F7FF4-0140-434D-AD2B-1792D075BE3C}.Debug|Any CPU.ActiveCfg = Debug|Any CPU
		{1F7F7FF4-0140-434D-AD2B-1792D075BE3C}.Debug|Any CPU.Build.0 = Debug|Any CPU
		{1F7F7FF4-0140-434D-AD2B-1792D075BE3C}.Release|Any CPU.ActiveCfg = Release|Any CPU
		{1F7F7FF4-0140-434D-AD2B-1792D075BE3C}.Release|Any CPU.Build.0 = Release|Any CPU
	EndGlobalSection
	GlobalSection(SolutionProperties) = preSolution
		HideSolutionNode = FALSE
	EndGlobalSection
	GlobalSection(ExtensibilityGlobals) = postSolution
		SolutionGuid = {4FD5CF01-0192-4605-953A-5F2D1C480604}
	EndGlobalSection
EndGlobal
