
Microsoft Visual Studio Solution File, Format Version 12.00
# Visual Studio 15
VisualStudioVersion = 15.0.28307.572
MinimumVisualStudioVersion = 10.0.40219.1
Project("{FAE04EC0-301F-11D3-BF4B-00C04F79EFBC}") = "FibonacciGenerator", "FibonacciGenerator\FibonacciGenerator.csproj", "{C04C3D1A-63B3-47AD-9E7F-C7DC7F4627F5}"
EndProject
Project("{FAE04EC0-301F-11D3-BF4B-00C04F79EFBC}") = "BinarySearchGeneric", "BinarySearchGeneric\BinarySearchGeneric.csproj", "{A1EDD5FE-C931-481D-B9A4-149D903B0167}"
EndProject
Project("{FAE04EC0-301F-11D3-BF4B-00C04F79EFBC}") = "Tests", "Tests\Tests.csproj", "{58E24BDD-8CC9-4097-8EB5-3A5D701B26F2}"
EndProject
Project("{FAE04EC0-301F-11D3-BF4B-00C04F79EFBC}") = "LogBookService", "LogBookService\LogBookService.csproj", "{D3D087D3-5975-4923-BAA9-990C2432479C}"
EndProject
Project("{FAE04EC0-301F-11D3-BF4B-00C04F79EFBC}") = "EventStopwatch", "EventStopwatch\EventStopwatch.csproj", "{F2633117-BA98-4C86-9D84-18557553E0BF}"
EndProject
Global
	GlobalSection(SolutionConfigurationPlatforms) = preSolution
		Debug|Any CPU = Debug|Any CPU
		Release|Any CPU = Release|Any CPU
	EndGlobalSection
	GlobalSection(ProjectConfigurationPlatforms) = postSolution
		{C04C3D1A-63B3-47AD-9E7F-C7DC7F4627F5}.Debug|Any CPU.ActiveCfg = Debug|Any CPU
		{C04C3D1A-63B3-47AD-9E7F-C7DC7F4627F5}.Debug|Any CPU.Build.0 = Debug|Any CPU
		{C04C3D1A-63B3-47AD-9E7F-C7DC7F4627F5}.Release|Any CPU.ActiveCfg = Release|Any CPU
		{C04C3D1A-63B3-47AD-9E7F-C7DC7F4627F5}.Release|Any CPU.Build.0 = Release|Any CPU
		{A1EDD5FE-C931-481D-B9A4-149D903B0167}.Debug|Any CPU.ActiveCfg = Debug|Any CPU
		{A1EDD5FE-C931-481D-B9A4-149D903B0167}.Debug|Any CPU.Build.0 = Debug|Any CPU
		{A1EDD5FE-C931-481D-B9A4-149D903B0167}.Release|Any CPU.ActiveCfg = Release|Any CPU
		{A1EDD5FE-C931-481D-B9A4-149D903B0167}.Release|Any CPU.Build.0 = Release|Any CPU
		{58E24BDD-8CC9-4097-8EB5-3A5D701B26F2}.Debug|Any CPU.ActiveCfg = Debug|Any CPU
		{58E24BDD-8CC9-4097-8EB5-3A5D701B26F2}.Debug|Any CPU.Build.0 = Debug|Any CPU
		{58E24BDD-8CC9-4097-8EB5-3A5D701B26F2}.Release|Any CPU.ActiveCfg = Release|Any CPU
		{58E24BDD-8CC9-4097-8EB5-3A5D701B26F2}.Release|Any CPU.Build.0 = Release|Any CPU
		{D3D087D3-5975-4923-BAA9-990C2432479C}.Debug|Any CPU.ActiveCfg = Debug|Any CPU
		{D3D087D3-5975-4923-BAA9-990C2432479C}.Debug|Any CPU.Build.0 = Debug|Any CPU
		{D3D087D3-5975-4923-BAA9-990C2432479C}.Release|Any CPU.ActiveCfg = Release|Any CPU
		{D3D087D3-5975-4923-BAA9-990C2432479C}.Release|Any CPU.Build.0 = Release|Any CPU
		{F2633117-BA98-4C86-9D84-18557553E0BF}.Debug|Any CPU.ActiveCfg = Debug|Any CPU
		{F2633117-BA98-4C86-9D84-18557553E0BF}.Debug|Any CPU.Build.0 = Debug|Any CPU
		{F2633117-BA98-4C86-9D84-18557553E0BF}.Release|Any CPU.ActiveCfg = Release|Any CPU
		{F2633117-BA98-4C86-9D84-18557553E0BF}.Release|Any CPU.Build.0 = Release|Any CPU
	EndGlobalSection
	GlobalSection(SolutionProperties) = preSolution
		HideSolutionNode = FALSE
	EndGlobalSection
	GlobalSection(ExtensibilityGlobals) = postSolution
		SolutionGuid = {3DDEE8BF-1FC7-45E9-B2BB-806CBDA2A227}
	EndGlobalSection
EndGlobal
